
Microsoft Visual Studio Solution File, Format Version 12.00
# Visual Studio 15
VisualStudioVersion = 15.0.28307.1972
MinimumVisualStudioVersion = 10.0.40219.1
Project("{8BC9CEB8-8B4A-11D0-8D11-00A0C91BC942}") = "DisplayGrid-MFC", "DisplayGrid-MFC\DisplayGrid-MFC.vcxproj", "{CEEA0897-E40C-44CC-A422-5C05A196712E}"
EndProject
Global
	GlobalSection(SolutionConfigurationPlatforms) = preSolution
		Debug|x64 = Debug|x64
		Debug|x86 = Debug|x86
		Release|x64 = Release|x64
		Release|x86 = Release|x86
	EndGlobalSection
	GlobalSection(ProjectConfigurationPlatforms) = postSolution
		{CEEA0897-E40C-44CC-A422-5C05A196712E}.Debug|x64.ActiveCfg = Debug|x64
		{CEEA0897-E40C-44CC-A422-5C05A196712E}.Debug|x64.Build.0 = Debug|x64
		{CEEA0897-E40C-44CC-A422-5C05A196712E}.Debug|x86.ActiveCfg = Debug|Win32
		{CEEA0897-E40C-44CC-A422-5C05A196712E}.Debug|x86.Build.0 = Debug|Win32
		{CEEA0897-E40C-44CC-A422-5C05A196712E}.Release|x64.ActiveCfg = Release|x64
		{CEEA0897-E40C-44CC-A422-5C05A196712E}.Release|x64.Build.0 = Release|x64
		{CEEA0897-E40C-44CC-A422-5C05A196712E}.Release|x86.ActiveCfg = Release|Win32
		{CEEA0897-E40C-44CC-A422-5C05A196712E}.Release|x86.Build.0 = Release|Win32
	EndGlobalSection
	GlobalSection(SolutionProperties) = preSolution
		HideSolutionNode = FALSE
	EndGlobalSection
	GlobalSection(ExtensibilityGlobals) = postSolution
		SolutionGuid = {18FFB4F4-9EFC-4EE5-8089-27E526FB4090}
	EndGlobalSection
EndGlobal
